<?xml version="1.0" encoding="utf-8"?>
<Project ToolsVersion="4.0" xmlns="http://schemas.microsoft.com/developer/msbuild/2003">
  <ItemGroup>
    <ClInclude Include="Includes\ToonBitwise.h" />
    <ClInclude Include="Includes\ToonExceptions.h" />
    <ClInclude Include="Includes\ToonFilesystem.h" />
    <ClInclude Include="Includes\ToonHeaderPostfix.h" />
    <ClInclude Include="Includes\ToonHeaderPrefix.h" />
    <ClInclude Include="Includes\ToonLogger.h" />
    <ClInclude Include="Includes\ToonMaterial.h" />
    <ClInclude Include="Includes\ToonObject.h" />
    <ClInclude Include="Includes\ToonPlatform.h" />
    <ClInclude Include="Includes\ToonPrerequisites.h" />
    <ClInclude Include="Includes\ToonRoot.h" />
    <ClInclude Include="Includes\ToonTexture.h" />
    <ClInclude Include="Includes\ToonTimer.h" />
    <ClInclude Include="Precompiled\stdafx.h" />
    <ClInclude Include="Includes\ToonNoncopyable.h" />
    <ClInclude Include="Includes\ToonSingleton.h" />
    <ClInclude Include="Includes\ToonRenderSystem.h" />
    <ClInclude Include="Includes\DeformableSnow.h" />
    <ClInclude Include="Includes\ToonColor.h" />
    <ClInclude Include="Includes\ToonFormat.h" />
    <ClInclude Include="Includes\ToonStaticCamera.h" />
    <ClInclude Include="Includes\ToonMesh.h" />
    <ClInclude Include="Includes\ToonBaseObject.h" />
    <ClInclude Include="Includes\ToonEffect.h" />
    <ClInclude Include="Includes\ToonInputSystem.h" />
  </ItemGroup>
  <ItemGroup>
    <ClCompile Include="Sources\main.cpp" />
    <ClCompile Include="Sources\ToonFilesystem.cpp" />
    <ClCompile Include="Sources\ToonLogger.cpp" />
    <ClCompile Include="Sources\ToonRoot.cpp" />
    <ClCompile Include="Sources\ToonTimer.cpp" />
    <ClCompile Include="Precompiled\stdafx.cpp" />
    <ClCompile Include="Sources\ToonRenderSystem.cpp" />
    <ClCompile Include="Sources\DeformableSnow.cpp" />
    <ClCompile Include="Sources\ToonStaticCamera.cpp" />
    <ClCompile Include="Sources\ToonMesh.cpp" />
    <ClCompile Include="Sources\ToonObject.cpp" />
    <ClCompile Include="Sources\ToonEffect.cpp" />
    <ClCompile Include="Sources\ToonColor.cpp" />
    <ClCompile Include="Sources\ToonInputSystem.cpp" />
  </ItemGroup>
  <ItemGroup>
    <Text Include="CMakeLists.txt" />
  </ItemGroup>
</Project>